
Microsoft Visual Studio Solution File, Format Version 12.00
# Visual Studio Version 17
VisualStudioVersion = 17.11.35222.181
MinimumVisualStudioVersion = 10.0.40219.1
Project("{FAE04EC0-301F-11D3-BF4B-00C04F79EFBC}") = "DeliverySystem.DevTeam.PL", "DeliverySystem.DevTeam.PL\DeliverySystem.DevTeam.PL.csproj", "{C9771376-BB47-4D18-A279-BEADF45946C0}"
EndProject
Project("{FAE04EC0-301F-11D3-BF4B-00C04F79EFBC}") = "DeliverySystem.DevTeam.BLL", "DeliverySystem.DevTeam.BLL\DeliverySystem.DevTeam.BLL.csproj", "{3C569906-05EF-426F-8585-E72911F7365E}"
EndProject
Project("{FAE04EC0-301F-11D3-BF4B-00C04F79EFBC}") = "DeliverySystem.DevTeam.DAL", "DeliverySystem.DevTeam.DAL\DeliverySystem.DevTeam.DAL.csproj", "{9BA967C7-C0E0-459B-B248-AA685861DB3D}"
EndProject
Global
	GlobalSection(SolutionConfigurationPlatforms) = preSolution
		Debug|Any CPU = Debug|Any CPU
		Release|Any CPU = Release|Any CPU
	EndGlobalSection
	GlobalSection(ProjectConfigurationPlatforms) = postSolution
		{C9771376-BB47-4D18-A279-BEADF45946C0}.Debug|Any CPU.ActiveCfg = Debug|Any CPU
		{C9771376-BB47-4D18-A279-BEADF45946C0}.Debug|Any CPU.Build.0 = Debug|Any CPU
		{C9771376-BB47-4D18-A279-BEADF45946C0}.Release|Any CPU.ActiveCfg = Release|Any CPU
		{C9771376-BB47-4D18-A279-BEADF45946C0}.Release|Any CPU.Build.0 = Release|Any CPU
		{3C569906-05EF-426F-8585-E72911F7365E}.Debug|Any CPU.ActiveCfg = Debug|Any CPU
		{3C569906-05EF-426F-8585-E72911F7365E}.Debug|Any CPU.Build.0 = Debug|Any CPU
		{3C569906-05EF-426F-8585-E72911F7365E}.Release|Any CPU.ActiveCfg = Release|Any CPU
		{3C569906-05EF-426F-8585-E72911F7365E}.Release|Any CPU.Build.0 = Release|Any CPU
		{9BA967C7-C0E0-459B-B248-AA685861DB3D}.Debug|Any CPU.ActiveCfg = Debug|Any CPU
		{9BA967C7-C0E0-459B-B248-AA685861DB3D}.Debug|Any CPU.Build.0 = Debug|Any CPU
		{9BA967C7-C0E0-459B-B248-AA685861DB3D}.Release|Any CPU.ActiveCfg = Release|Any CPU
		{9BA967C7-C0E0-459B-B248-AA685861DB3D}.Release|Any CPU.Build.0 = Release|Any CPU
	EndGlobalSection
	GlobalSection(SolutionProperties) = preSolution
		HideSolutionNode = FALSE
	EndGlobalSection
	GlobalSection(ExtensibilityGlobals) = postSolution
		SolutionGuid = {7FCCD4B1-F810-4F6B-8063-282BF8A7F159}
	EndGlobalSection
EndGlobal
